
Microsoft Visual Studio Solution File, Format Version 12.00
# Visual Studio 15
VisualStudioVersion = 15.0.28307.2092
MinimumVisualStudioVersion = 10.0.40219.1
Project("{FAE04EC0-301F-11D3-BF4B-00C04F79EFBC}") = "IntroducaoFluentAPI", "IntroducaoFluentAPI\IntroducaoFluentAPI.csproj", "{4099911F-F690-4511-9B54-C903AB259EAC}"
EndProject
Global
	GlobalSection(SolutionConfigurationPlatforms) = preSolution
		Debug|Any CPU = Debug|Any CPU
		Release|Any CPU = Release|Any CPU
	EndGlobalSection
	GlobalSection(ProjectConfigurationPlatforms) = postSolution
		{4099911F-F690-4511-9B54-C903AB259EAC}.Debug|Any CPU.ActiveCfg = Debug|Any CPU
		{4099911F-F690-4511-9B54-C903AB259EAC}.Debug|Any CPU.Build.0 = Debug|Any CPU
		{4099911F-F690-4511-9B54-C903AB259EAC}.Release|Any CPU.ActiveCfg = Release|Any CPU
		{4099911F-F690-4511-9B54-C903AB259EAC}.Release|Any CPU.Build.0 = Release|Any CPU
	EndGlobalSection
	GlobalSection(SolutionProperties) = preSolution
		HideSolutionNode = FALSE
	EndGlobalSection
	GlobalSection(ExtensibilityGlobals) = postSolution
		SolutionGuid = {2083D36B-1998-4972-A7FF-3CF760F2EEB0}
	EndGlobalSection
EndGlobal
