
Microsoft Visual Studio Solution File, Format Version 12.00
# Visual Studio 15
VisualStudioVersion = 15.0.28307.2092
MinimumVisualStudioVersion = 10.0.40219.1
Project("{FAE04EC0-301F-11D3-BF4B-00C04F79EFBC}") = "DBFirst", "DBFirst\DBFirst.csproj", "{F1B285CD-F654-4F73-A198-C14AB1F6AA05}"
EndProject
Global
	GlobalSection(SolutionConfigurationPlatforms) = preSolution
		Debug|Any CPU = Debug|Any CPU
		Release|Any CPU = Release|Any CPU
	EndGlobalSection
	GlobalSection(ProjectConfigurationPlatforms) = postSolution
		{F1B285CD-F654-4F73-A198-C14AB1F6AA05}.Debug|Any CPU.ActiveCfg = Debug|Any CPU
		{F1B285CD-F654-4F73-A198-C14AB1F6AA05}.Debug|Any CPU.Build.0 = Debug|Any CPU
		{F1B285CD-F654-4F73-A198-C14AB1F6AA05}.Release|Any CPU.ActiveCfg = Release|Any CPU
		{F1B285CD-F654-4F73-A198-C14AB1F6AA05}.Release|Any CPU.Build.0 = Release|Any CPU
	EndGlobalSection
	GlobalSection(SolutionProperties) = preSolution
		HideSolutionNode = FALSE
	EndGlobalSection
	GlobalSection(ExtensibilityGlobals) = postSolution
		SolutionGuid = {AC9CE57A-73B1-48D0-A1EB-BF0041636740}
	EndGlobalSection
EndGlobal
