
Microsoft Visual Studio Solution File, Format Version 12.00
# Visual Studio 15
VisualStudioVersion = 15.0.28307.2092
MinimumVisualStudioVersion = 10.0.40219.1
Project("{FAE04EC0-301F-11D3-BF4B-00C04F79EFBC}") = "Sessoes", "Sessoes\Sessoes.csproj", "{C25C8AA8-8789-4522-A98A-E3053B0637F3}"
EndProject
Global
	GlobalSection(SolutionConfigurationPlatforms) = preSolution
		Debug|Any CPU = Debug|Any CPU
		Release|Any CPU = Release|Any CPU
	EndGlobalSection
	GlobalSection(ProjectConfigurationPlatforms) = postSolution
		{C25C8AA8-8789-4522-A98A-E3053B0637F3}.Debug|Any CPU.ActiveCfg = Debug|Any CPU
		{C25C8AA8-8789-4522-A98A-E3053B0637F3}.Debug|Any CPU.Build.0 = Debug|Any CPU
		{C25C8AA8-8789-4522-A98A-E3053B0637F3}.Release|Any CPU.ActiveCfg = Release|Any CPU
		{C25C8AA8-8789-4522-A98A-E3053B0637F3}.Release|Any CPU.Build.0 = Release|Any CPU
	EndGlobalSection
	GlobalSection(SolutionProperties) = preSolution
		HideSolutionNode = FALSE
	EndGlobalSection
	GlobalSection(ExtensibilityGlobals) = postSolution
		SolutionGuid = {DB58D761-0299-400D-9F80-9B9F25D1A90E}
	EndGlobalSection
EndGlobal
