
Microsoft Visual Studio Solution File, Format Version 12.00
# Visual Studio Version 17
VisualStudioVersion = 17.4.33205.214
MinimumVisualStudioVersion = 10.0.40219.1
Project("{FAE04EC0-301F-11D3-BF4B-00C04F79EFBC}") = "AppMvcBasica", "AppMvcBasica\AppMvcBasica.csproj", "{B04BEE0B-2210-4711-BEA1-2ACDCBC6DA65}"
EndProject
Global
	GlobalSection(SolutionConfigurationPlatforms) = preSolution
		Debug|Any CPU = Debug|Any CPU
		Release|Any CPU = Release|Any CPU
	EndGlobalSection
	GlobalSection(ProjectConfigurationPlatforms) = postSolution
		{B04BEE0B-2210-4711-BEA1-2ACDCBC6DA65}.Debug|Any CPU.ActiveCfg = Debug|Any CPU
		{B04BEE0B-2210-4711-BEA1-2ACDCBC6DA65}.Debug|Any CPU.Build.0 = Debug|Any CPU
		{B04BEE0B-2210-4711-BEA1-2ACDCBC6DA65}.Release|Any CPU.ActiveCfg = Release|Any CPU
		{B04BEE0B-2210-4711-BEA1-2ACDCBC6DA65}.Release|Any CPU.Build.0 = Release|Any CPU
	EndGlobalSection
	GlobalSection(SolutionProperties) = preSolution
		HideSolutionNode = FALSE
	EndGlobalSection
	GlobalSection(ExtensibilityGlobals) = postSolution
		SolutionGuid = {FB2C72E0-AE6C-4849-8EFB-EE59FE647E69}
	EndGlobalSection
EndGlobal
