
Microsoft Visual Studio Solution File, Format Version 12.00
# Visual Studio Version 17
VisualStudioVersion = 17.3.32825.248
MinimumVisualStudioVersion = 10.0.40219.1
Project("{FAE04EC0-301F-11D3-BF4B-00C04F79EFBC}") = "Construtoes_Sobrecarga_Encapsulamento", "Construtoes_Sobrecarga_Encapsulamento\Construtoes_Sobrecarga_Encapsulamento.csproj", "{DE2F39F5-663F-4C4E-82F3-A84B361CE90D}"
EndProject
Global
	GlobalSection(SolutionConfigurationPlatforms) = preSolution
		Debug|Any CPU = Debug|Any CPU
		Release|Any CPU = Release|Any CPU
	EndGlobalSection
	GlobalSection(ProjectConfigurationPlatforms) = postSolution
		{DE2F39F5-663F-4C4E-82F3-A84B361CE90D}.Debug|Any CPU.ActiveCfg = Debug|Any CPU
		{DE2F39F5-663F-4C4E-82F3-A84B361CE90D}.Debug|Any CPU.Build.0 = Debug|Any CPU
		{DE2F39F5-663F-4C4E-82F3-A84B361CE90D}.Release|Any CPU.ActiveCfg = Release|Any CPU
		{DE2F39F5-663F-4C4E-82F3-A84B361CE90D}.Release|Any CPU.Build.0 = Release|Any CPU
	EndGlobalSection
	GlobalSection(SolutionProperties) = preSolution
		HideSolutionNode = FALSE
	EndGlobalSection
	GlobalSection(ExtensibilityGlobals) = postSolution
		SolutionGuid = {48403275-1D82-49AF-8FAF-E775CE8E4F89}
	EndGlobalSection
EndGlobal
