
Microsoft Visual Studio Solution File, Format Version 12.00
# Visual Studio 15
VisualStudioVersion = 15.0.28307.2092
MinimumVisualStudioVersion = 10.0.40219.1
Project("{FAE04EC0-301F-11D3-BF4B-00C04F79EFBC}") = "AutenticacaoPorCookies", "AutenticacaoPorCookies\AutenticacaoPorCookies.csproj", "{21BAF43F-02EC-4D78-B03D-4B50AA96887E}"
EndProject
Global
	GlobalSection(SolutionConfigurationPlatforms) = preSolution
		Debug|Any CPU = Debug|Any CPU
		Release|Any CPU = Release|Any CPU
	EndGlobalSection
	GlobalSection(ProjectConfigurationPlatforms) = postSolution
		{21BAF43F-02EC-4D78-B03D-4B50AA96887E}.Debug|Any CPU.ActiveCfg = Debug|Any CPU
		{21BAF43F-02EC-4D78-B03D-4B50AA96887E}.Debug|Any CPU.Build.0 = Debug|Any CPU
		{21BAF43F-02EC-4D78-B03D-4B50AA96887E}.Release|Any CPU.ActiveCfg = Release|Any CPU
		{21BAF43F-02EC-4D78-B03D-4B50AA96887E}.Release|Any CPU.Build.0 = Release|Any CPU
	EndGlobalSection
	GlobalSection(SolutionProperties) = preSolution
		HideSolutionNode = FALSE
	EndGlobalSection
	GlobalSection(ExtensibilityGlobals) = postSolution
		SolutionGuid = {7C99D6D1-0A65-47C4-8346-05AC0D96695D}
	EndGlobalSection
EndGlobal
