
Microsoft Visual Studio Solution File, Format Version 12.00
# Visual Studio Version 17
VisualStudioVersion = 17.3.32825.248
MinimumVisualStudioVersion = 10.0.40219.1
Project("{FAE04EC0-301F-11D3-BF4B-00C04F79EFBC}") = "Arrays_Listas", "Arrays_Listas\Arrays_Listas.csproj", "{59ED0154-335D-42D2-864E-017DCA9AE87E}"
EndProject
Global
	GlobalSection(SolutionConfigurationPlatforms) = preSolution
		Debug|Any CPU = Debug|Any CPU
		Release|Any CPU = Release|Any CPU
	EndGlobalSection
	GlobalSection(ProjectConfigurationPlatforms) = postSolution
		{59ED0154-335D-42D2-864E-017DCA9AE87E}.Debug|Any CPU.ActiveCfg = Debug|Any CPU
		{59ED0154-335D-42D2-864E-017DCA9AE87E}.Debug|Any CPU.Build.0 = Debug|Any CPU
		{59ED0154-335D-42D2-864E-017DCA9AE87E}.Release|Any CPU.ActiveCfg = Release|Any CPU
		{59ED0154-335D-42D2-864E-017DCA9AE87E}.Release|Any CPU.Build.0 = Release|Any CPU
	EndGlobalSection
	GlobalSection(SolutionProperties) = preSolution
		HideSolutionNode = FALSE
	EndGlobalSection
	GlobalSection(ExtensibilityGlobals) = postSolution
		SolutionGuid = {CF8EEB0E-8000-478A-AC76-6EAFC81F50FA}
	EndGlobalSection
EndGlobal
