
Microsoft Visual Studio Solution File, Format Version 12.00
# Visual Studio Version 17
VisualStudioVersion = 17.4.33122.133
MinimumVisualStudioVersion = 10.0.40219.1
Project("{FAE04EC0-301F-11D3-BF4B-00C04F79EFBC}") = "PraticaIdentity", "PraticaIdentity\PraticaIdentity.csproj", "{F23CD341-BD73-45BA-9EFB-3CA94A9576A3}"
EndProject
Global
	GlobalSection(SolutionConfigurationPlatforms) = preSolution
		Debug|Any CPU = Debug|Any CPU
		Release|Any CPU = Release|Any CPU
	EndGlobalSection
	GlobalSection(ProjectConfigurationPlatforms) = postSolution
		{F23CD341-BD73-45BA-9EFB-3CA94A9576A3}.Debug|Any CPU.ActiveCfg = Debug|Any CPU
		{F23CD341-BD73-45BA-9EFB-3CA94A9576A3}.Debug|Any CPU.Build.0 = Debug|Any CPU
		{F23CD341-BD73-45BA-9EFB-3CA94A9576A3}.Release|Any CPU.ActiveCfg = Release|Any CPU
		{F23CD341-BD73-45BA-9EFB-3CA94A9576A3}.Release|Any CPU.Build.0 = Release|Any CPU
	EndGlobalSection
	GlobalSection(SolutionProperties) = preSolution
		HideSolutionNode = FALSE
	EndGlobalSection
	GlobalSection(ExtensibilityGlobals) = postSolution
		SolutionGuid = {9D72DD3C-E7FB-4B4F-86D3-8B1CCC350133}
	EndGlobalSection
EndGlobal
