
Microsoft Visual Studio Solution File, Format Version 12.00
# Visual Studio Version 17
VisualStudioVersion = 17.3.32825.248
MinimumVisualStudioVersion = 10.0.40219.1
Project("{FAE04EC0-301F-11D3-BF4B-00C04F79EFBC}") = "IComparable_Inteface", "IComparable\IComparable_Inteface.csproj", "{ACF17377-1490-4479-9B62-851BF389C98D}"
EndProject
Global
	GlobalSection(SolutionConfigurationPlatforms) = preSolution
		Debug|Any CPU = Debug|Any CPU
		Release|Any CPU = Release|Any CPU
	EndGlobalSection
	GlobalSection(ProjectConfigurationPlatforms) = postSolution
		{ACF17377-1490-4479-9B62-851BF389C98D}.Debug|Any CPU.ActiveCfg = Debug|Any CPU
		{ACF17377-1490-4479-9B62-851BF389C98D}.Debug|Any CPU.Build.0 = Debug|Any CPU
		{ACF17377-1490-4479-9B62-851BF389C98D}.Release|Any CPU.ActiveCfg = Release|Any CPU
		{ACF17377-1490-4479-9B62-851BF389C98D}.Release|Any CPU.Build.0 = Release|Any CPU
	EndGlobalSection
	GlobalSection(SolutionProperties) = preSolution
		HideSolutionNode = FALSE
	EndGlobalSection
	GlobalSection(ExtensibilityGlobals) = postSolution
		SolutionGuid = {1C703563-BA6B-44EC-BCDB-A9FC3EC755FE}
	EndGlobalSection
EndGlobal
