
Microsoft Visual Studio Solution File, Format Version 12.00
# Visual Studio 15
VisualStudioVersion = 15.0.28307.2092
MinimumVisualStudioVersion = 10.0.40219.1
Project("{FAE04EC0-301F-11D3-BF4B-00C04F79EFBC}") = "PessoaOthersAnotationsBDD", "PessoaOtherAnotationBDD\PessoaOthersAnotationsBDD.csproj", "{B37E924F-FB28-41BB-8538-6A74F307F388}"
EndProject
Global
	GlobalSection(SolutionConfigurationPlatforms) = preSolution
		Debug|Any CPU = Debug|Any CPU
		Release|Any CPU = Release|Any CPU
	EndGlobalSection
	GlobalSection(ProjectConfigurationPlatforms) = postSolution
		{B37E924F-FB28-41BB-8538-6A74F307F388}.Debug|Any CPU.ActiveCfg = Debug|Any CPU
		{B37E924F-FB28-41BB-8538-6A74F307F388}.Debug|Any CPU.Build.0 = Debug|Any CPU
		{B37E924F-FB28-41BB-8538-6A74F307F388}.Release|Any CPU.ActiveCfg = Release|Any CPU
		{B37E924F-FB28-41BB-8538-6A74F307F388}.Release|Any CPU.Build.0 = Release|Any CPU
	EndGlobalSection
	GlobalSection(SolutionProperties) = preSolution
		HideSolutionNode = FALSE
	EndGlobalSection
	GlobalSection(ExtensibilityGlobals) = postSolution
		SolutionGuid = {F8EF1A33-AA83-40FF-A277-BA628A35B1BE}
	EndGlobalSection
EndGlobal
